// !$*UTF8*$!
{
	archiveVersion = 1;
	classes = {
	};
	objectVersion = 60;
	objects = {

/* Begin PBXBuildFile section */
		6D0C84B82F86B77400A5A1AA /* OurVerseApp.swift in Sources */ = {isa = PBXBuildFile; fileRef = 6D0C849B2F86B77400A5A1AA /* OurVerseApp.swift */; };
		6D0C84B92F86B77400A5A1AA /* ContentView.swift in Sources */ = {isa = PBXBuildFile; fileRef = 6D0C849C2F86B77400A5A1AA /* ContentView.swift */; };
		6D0C84BA2F86B77400A5A1AA /* HealthStatus.swift in Sources */ = {isa = PBXBuildFile; fileRef = 6D0C849D2F86B77400A5A1AA /* HealthStatus.swift */; };
		6D0C84BB2F86B77400A5A1AA /* HealthStatusViewModel.swift in Sources */ = {isa = PBXBuildFile; fileRef = 6D0C849E2F86B77400A5A1AA /* HealthStatusViewModel.swift */; };
		6D0C84BC2F86B77400A5A1AA /* APIClient.swift in Sources */ = {isa = PBXBuildFile; fileRef = 6D0C849F2F86B77400A5A1AA /* APIClient.swift */; };
		6D0C84BF2F86B77400A5A1AA /* BackendConfig.plist in Resources */ = {isa = PBXBuildFile; fileRef = 6D0C84A02F86B77400A5A1AA /* BackendConfig.plist */; };
		6D0C84C02F86B77400A5A1AA /* Assets.xcassets in Resources */ = {isa = PBXBuildFile; fileRef = 6D0C84A12F86B77400A5A1AA /* Assets.xcassets */; };
		6D0C84BD2F86B77400A5A1AA /* OurVerseTests.swift in Sources */ = {isa = PBXBuildFile; fileRef = 6D0C84A32F86B77400A5A1AA /* OurVerseTests.swift */; };
		6D0C84BE2F86B77400A5A1AA /* OurVerseUITests.swift in Sources */ = {isa = PBXBuildFile; fileRef = 6D0C84A42F86B77400A5A1AA /* OurVerseUITests.swift */; };
/* End PBXBuildFile section */

/* Begin PBXFileReference section */
		6D0C84912F86B77400A5A1AA /* OurVerse.app */ = {isa = PBXFileReference; explicitFileType = wrapper.application; includeInIndex = 0; path = OurVerse.app; sourceTree = BUILT_PRODUCTS_DIR; };
		6D0C849B2F86B77400A5A1AA /* OurVerseApp.swift */ = {isa = PBXFileReference; lastKnownFileType = sourcecode.swift; path = OurVerseApp.swift; sourceTree = "<group>"; };
		6D0C849C2F86B77400A5A1AA /* ContentView.swift */ = {isa = PBXFileReference; lastKnownFileType = sourcecode.swift; path = ContentView.swift; sourceTree = "<group>"; };
		6D0C849D2F86B77400A5A1AA /* HealthStatus.swift */ = {isa = PBXFileReference; lastKnownFileType = sourcecode.swift; path = HealthStatus.swift; sourceTree = "<group>"; };
		6D0C849E2F86B77400A5A1AA /* HealthStatusViewModel.swift */ = {isa = PBXFileReference; lastKnownFileType = sourcecode.swift; path = HealthStatusViewModel.swift; sourceTree = "<group>"; };
		6D0C849F2F86B77400A5A1AA /* APIClient.swift */ = {isa = PBXFileReference; lastKnownFileType = sourcecode.swift; path = APIClient.swift; sourceTree = "<group>"; };
		6D0C84A02F86B77400A5A1AA /* BackendConfig.plist */ = {isa = PBXFileReference; lastKnownFileType = text.plist.xml; path = BackendConfig.plist; sourceTree = "<group>"; };
		6D0C84A12F86B77400A5A1AA /* Assets.xcassets */ = {isa = PBXFileReference; lastKnownFileType = folder.assetcatalog; path = Assets.xcassets; sourceTree = "<group>"; };
		6D0C84A22F86B77400A5A1AA /* Info.plist */ = {isa = PBXFileReference; lastKnownFileType = text.plist.xml; path = Info.plist; sourceTree = "<group>"; };
		6D0C84A32F86B77400A5A1AA /* OurVerseTests.swift */ = {isa = PBXFileReference; lastKnownFileType = sourcecode.swift; path = OurVerseTests.swift; sourceTree = "<group>"; };
		6D0C84A42F86B77400A5A1AA /* OurVerseUITests.swift */ = {isa = PBXFileReference; lastKnownFileType = sourcecode.swift; path = OurVerseUITests.swift; sourceTree = "<group>"; };
		6D0C84B62F86B77400A5A1AA /* OurVerseTests.xctest */ = {isa = PBXFileReference; explicitFileType = wrapper.cfbundle; includeInIndex = 0; path = OurVerseTests.xctest; sourceTree = BUILT_PRODUCTS_DIR; };
		6D0C84B72F86B77400A5A1AA /* OurVerseUITests.xctest */ = {isa = PBXFileReference; explicitFileType = wrapper.cfbundle; includeInIndex = 0; path = OurVerseUITests.xctest; sourceTree = BUILT_PRODUCTS_DIR; };
/* End PBXFileReference section */

/* Begin PBXFrameworksBuildPhase section */
		6D0C84932F86B77400A5A1AA /* Frameworks */ = {
			isa = PBXFrameworksBuildPhase;
			buildActionMask = 2147483647;
			files = (
			);
			runOnlyForDeploymentPostprocessing = 0;
		};
		6D0C84B42F86B77400A5A1AA /* Frameworks */ = {
			isa = PBXFrameworksBuildPhase;
			buildActionMask = 2147483647;
			files = (
			);
			runOnlyForDeploymentPostprocessing = 0;
		};
		6D0C84B52F86B77400A5A1AA /* Frameworks */ = {
			isa = PBXFrameworksBuildPhase;
			buildActionMask = 2147483647;
			files = (
			);
			runOnlyForDeploymentPostprocessing = 0;
		};
/* End PBXFrameworksBuildPhase section */

/* Begin PBXGroup section */
		6D0C848E2F86B77400A5A1AA = {
			isa = PBXGroup;
			children = (
				6D0C84A52F86B77400A5A1AA /* App */,
				6D0C84A62F86B77400A5A1AA /* Models */,
				6D0C84A82F86B77400A5A1AA /* ViewModels */,
				6D0C84A72F86B77400A5A1AA /* Services */,
				6D0C84A92F86B77400A5A1AA /* Resources */,
				6D0C84AA2F86B77400A5A1AA /* Supporting */,
				6D0C84AB2F86B77400A5A1AA /* Tests */,
				6D0C848F2F86B77400A5A1AA /* Products */,
			);
			sourceTree = "<group>";
		};
		6D0C848F2F86B77400A5A1AA /* Products */ = {
			isa = PBXGroup;
			children = (
				6D0C84912F86B77400A5A1AA /* OurVerse.app */,
				6D0C84B62F86B77400A5A1AA /* OurVerseTests.xctest */,
				6D0C84B72F86B77400A5A1AA /* OurVerseUITests.xctest */,
			);
			name = Products;
			sourceTree = "<group>";
		};
		6D0C84A52F86B77400A5A1AA /* App */ = {
			isa = PBXGroup;
			children = (
				6D0C849B2F86B77400A5A1AA /* OurVerseApp.swift */,
				6D0C849C2F86B77400A5A1AA /* ContentView.swift */,
			);
			path = App;
			sourceTree = "<group>";
		};
		6D0C84A62F86B77400A5A1AA /* Models */ = {
			isa = PBXGroup;
			children = (
				6D0C849D2F86B77400A5A1AA /* HealthStatus.swift */,
			);
			path = Models;
			sourceTree = "<group>";
		};
		6D0C84A72F86B77400A5A1AA /* Services */ = {
			isa = PBXGroup;
			children = (
				6D0C849F2F86B77400A5A1AA /* APIClient.swift */,
			);
			path = Services;
			sourceTree = "<group>";
		};
		6D0C84A82F86B77400A5A1AA /* ViewModels */ = {
			isa = PBXGroup;
			children = (
				6D0C849E2F86B77400A5A1AA /* HealthStatusViewModel.swift */,
			);
			path = ViewModels;
			sourceTree = "<group>";
		};
		6D0C84A92F86B77400A5A1AA /* Resources */ = {
			isa = PBXGroup;
			children = (
				6D0C84A12F86B77400A5A1AA /* Assets.xcassets */,
				6D0C84A02F86B77400A5A1AA /* BackendConfig.plist */,
			);
			path = Resources;
			sourceTree = "<group>";
		};
		6D0C84AA2F86B77400A5A1AA /* Supporting */ = {
			isa = PBXGroup;
			children = (
				6D0C84A22F86B77400A5A1AA /* Info.plist */,
			);
			path = Supporting;
			sourceTree = "<group>";
		};
		6D0C84AB2F86B77400A5A1AA /* Tests */ = {
			isa = PBXGroup;
			children = (
				6D0C84AC2F86B77400A5A1AA /* OurVerseTests */,
				6D0C84AD2F86B77400A5A1AA /* OurVerseUITests */,
			);
			path = Tests;
			sourceTree = "<group>";
		};
		6D0C84AC2F86B77400A5A1AA /* OurVerseTests */ = {
			isa = PBXGroup;
			children = (
				6D0C84A32F86B77400A5A1AA /* OurVerseTests.swift */,
			);
			path = OurVerseTests;
			sourceTree = "<group>";
		};
		6D0C84AD2F86B77400A5A1AA /* OurVerseUITests */ = {
			isa = PBXGroup;
			children = (
				6D0C84A42F86B77400A5A1AA /* OurVerseUITests.swift */,
			);
			path = OurVerseUITests;
			sourceTree = "<group>";
		};
/* End PBXGroup section */

/* Begin PBXNativeTarget section */
		6D0C84902F86B77400A5A1AA /* OurVerse */ = {
			isa = PBXNativeTarget;
			buildConfigurationList = 6D0C84952F86B77400A5A1AA /* Build configuration list for PBXNativeTarget "OurVerse" */;
			buildPhases = (
				6D0C84922F86B77400A5A1AA /* Sources */,
				6D0C84932F86B77400A5A1AA /* Frameworks */,
				6D0C84942F86B77400A5A1AA /* Resources */,
			);
			buildRules = (
			);
			dependencies = (
			);
			name = OurVerse;
			productName = OurVerse;
			productReference = 6D0C84912F86B77400A5A1AA /* OurVerse.app */;
			productType = "com.apple.product-type.application";
		};
		6D0C84AE2F86B77400A5A1AA /* OurVerseTests */ = {
			isa = PBXNativeTarget;
			buildConfigurationList = 6D0C84B92F86B77400A5A1AA /* Build configuration list for PBXNativeTarget "OurVerseTests" */;
			buildPhases = (
				6D0C84B02F86B77400A5A1AA /* Sources */,
				6D0C84B42F86B77400A5A1AA /* Frameworks */,
				6D0C84B22F86B77400A5A1AA /* Resources */,
			);
			buildRules = (
			);
			dependencies = (
				6D0C84BB2F86B77400A5A1AB /* PBXTargetDependency */,
			);
			name = OurVerseTests;
			productName = OurVerseTests;
			productReference = 6D0C84B62F86B77400A5A1AA /* OurVerseTests.xctest */;
			productType = "com.apple.product-type.bundle.unit-test";
		};
		6D0C84AF2F86B77400A5A1AA /* OurVerseUITests */ = {
			isa = PBXNativeTarget;
			buildConfigurationList = 6D0C84BA2F86B77400A5A1AA /* Build configuration list for PBXNativeTarget "OurVerseUITests" */;
			buildPhases = (
				6D0C84B12F86B77400A5A1AA /* Sources */,
				6D0C84B52F86B77400A5A1AA /* Frameworks */,
				6D0C84B32F86B77400A5A1AA /* Resources */,
			);
			buildRules = (
			);
			dependencies = (
				6D0C84BC2F86B77400A5A1AB /* PBXTargetDependency */,
			);
			name = OurVerseUITests;
			productName = OurVerseUITests;
			productReference = 6D0C84B72F86B77400A5A1AA /* OurVerseUITests.xctest */;
			productType = "com.apple.product-type.bundle.ui-testing";
		};
/* End PBXNativeTarget section */

/* Begin PBXProject section */
		6D0C848D2F86B77400A5A1AA /* Project object */ = {
			isa = PBXProject;
			attributes = {
				LastSwiftUpdateCheck = 1600;
				LastUpgradeCheck = 1600;
				TargetAttributes = {
					6D0C84902F86B77400A5A1AA = {
						CreatedOnToolsVersion = 16.0;
					};
					6D0C84AE2F86B77400A5A1AA = {
						CreatedOnToolsVersion = 16.0;
						TestTargetID = 6D0C84902F86B77400A5A1AA;
					};
					6D0C84AF2F86B77400A5A1AA = {
						CreatedOnToolsVersion = 16.0;
						TestTargetID = 6D0C84902F86B77400A5A1AA;
					};
				};
			};
			buildConfigurationList = 6D0C84982F86B77400A5A1AA /* Build configuration list for PBXProject "OurVerse" */;
			compatibilityVersion = "Xcode 16.0";
			developmentRegion = en;
			hasScannedForEncodings = 0;
			knownRegions = (
				en,
			);
			mainGroup = 6D0C848E2F86B77400A5A1AA;
			productRefGroup = 6D0C848F2F86B77400A5A1AA /* Products */;
			projectDirPath = "";
			projectRoot = "";
			targets = (
				6D0C84902F86B77400A5A1AA /* OurVerse */,
				6D0C84AE2F86B77400A5A1AA /* OurVerseTests */,
				6D0C84AF2F86B77400A5A1AA /* OurVerseUITests */,
			);
		};
/* End PBXProject section */

/* Begin PBXResourcesBuildPhase section */
		6D0C84942F86B77400A5A1AA /* Resources */ = {
			isa = PBXResourcesBuildPhase;
			buildActionMask = 2147483647;
			files = (
				6D0C84BF2F86B77400A5A1AA /* BackendConfig.plist in Resources */,
				6D0C84C02F86B77400A5A1AA /* Assets.xcassets in Resources */,
			);
			runOnlyForDeploymentPostprocessing = 0;
		};
		6D0C84B22F86B77400A5A1AA /* Resources */ = {
			isa = PBXResourcesBuildPhase;
			buildActionMask = 2147483647;
			files = (
			);
			runOnlyForDeploymentPostprocessing = 0;
		};
		6D0C84B32F86B77400A5A1AA /* Resources */ = {
			isa = PBXResourcesBuildPhase;
			buildActionMask = 2147483647;
			files = (
			);
			runOnlyForDeploymentPostprocessing = 0;
		};
/* End PBXResourcesBuildPhase section */

/* Begin PBXSourcesBuildPhase section */
		6D0C84922F86B77400A5A1AA /* Sources */ = {
			isa = PBXSourcesBuildPhase;
			buildActionMask = 2147483647;
			files = (
				6D0C84BC2F86B77400A5A1AA /* APIClient.swift in Sources */,
				6D0C84BA2F86B77400A5A1AA /* HealthStatus.swift in Sources */,
				6D0C84B92F86B77400A5A1AA /* ContentView.swift in Sources */,
				6D0C84BB2F86B77400A5A1AA /* HealthStatusViewModel.swift in Sources */,
				6D0C84B82F86B77400A5A1AA /* OurVerseApp.swift in Sources */,
			);
			runOnlyForDeploymentPostprocessing = 0;
		};
		6D0C84B02F86B77400A5A1AA /* Sources */ = {
			isa = PBXSourcesBuildPhase;
			buildActionMask = 2147483647;
			files = (
				6D0C84BD2F86B77400A5A1AA /* OurVerseTests.swift in Sources */,
			);
			runOnlyForDeploymentPostprocessing = 0;
		};
		6D0C84B12F86B77400A5A1AA /* Sources */ = {
			isa = PBXSourcesBuildPhase;
			buildActionMask = 2147483647;
			files = (
				6D0C84BE2F86B77400A5A1AA /* OurVerseUITests.swift in Sources */,
			);
			runOnlyForDeploymentPostprocessing = 0;
		};
/* End PBXSourcesBuildPhase section */

/* Begin PBXTargetDependency section */
		6D0C84BB2F86B77400A5A1AB /* PBXTargetDependency */ = {isa = PBXTargetDependency; target = 6D0C84902F86B77400A5A1AA /* OurVerse */; targetProxy = 6D0C84C12F86B77400A5A1AA /* PBXContainerItemProxy */; };
		6D0C84BC2F86B77400A5A1AB /* PBXTargetDependency */ = {isa = PBXTargetDependency; target = 6D0C84902F86B77400A5A1AA /* OurVerse */; targetProxy = 6D0C84C22F86B77400A5A1AA /* PBXContainerItemProxy */; };
/* End PBXTargetDependency section */

/* Begin PBXContainerItemProxy section */
		6D0C84C12F86B77400A5A1AA /* PBXContainerItemProxy */ = {
			isa = PBXContainerItemProxy;
			containerPortal = 6D0C848D2F86B77400A5A1AA /* Project object */;
			proxyType = 1;
			remoteGlobalIDString = 6D0C84902F86B77400A5A1AA;
			remoteInfo = OurVerse;
		};
		6D0C84C22F86B77400A5A1AA /* PBXContainerItemProxy */ = {
			isa = PBXContainerItemProxy;
			containerPortal = 6D0C848D2F86B77400A5A1AA /* Project object */;
			proxyType = 1;
			remoteGlobalIDString = 6D0C84902F86B77400A5A1AA;
			remoteInfo = OurVerse;
		};
/* End PBXContainerItemProxy section */

/* Begin XCBuildConfiguration section */
		6D0C84992F86B77400A5A1AA /* Debug */ = {
			isa = XCBuildConfiguration;
			buildSettings = {
				ALWAYS_SEARCH_USER_PATHS = NO;
				CLANG_ANALYZER_NONNULL = YES;
				CLANG_ANALYZER_NUMBER_OBJECT_CONVERSION = YES_AGGRESSIVE;
				CLANG_CXX_LANGUAGE_STANDARD = "gnu++20";
				CLANG_ENABLE_MODULES = YES;
				CLANG_ENABLE_OBJC_ARC = YES;
				CLANG_WARN_BLOCK_CAPTURE_AUTORELEASING = YES;
				CLANG_WARN_BOOL_CONVERSION = YES;
				CLANG_WARN_COMMA = YES;
				CLANG_WARN_CONSTANT_CONVERSION = YES;
				CLANG_WARN_DEPRECATED_OBJC_IMPLEMENTATIONS = YES;
				CLANG_WARN_DIRECT_OBJC_ISA_USAGE = YES_ERROR;
				CLANG_WARN_DOCUMENTATION_COMMENTS = YES;
				CLANG_WARN_EMPTY_BODY = YES;
				CLANG_WARN_ENUM_CONVERSION = YES;
				CLANG_WARN_INFINITE_RECURSION = YES;
				CLANG_WARN_INT_CONVERSION = YES;
				CLANG_WARN_NON_LITERAL_NULL_CONVERSION = YES;
				CLANG_WARN_OBJC_IMPLICIT_RETAIN_SELF = YES;
				CLANG_WARN_OBJC_LITERAL_CONVERSION = YES;
				CLANG_WARN_OBJC_ROOT_CLASS = YES_ERROR;
				CLANG_WARN_QUOTED_INCLUDE_IN_FRAMEWORK_HEADER = YES;
				CLANG_WARN_RANGE_LOOP_ANALYSIS = YES;
				CLANG_WARN_STRICT_PROTOTYPES = YES;
				CLANG_WARN_SUSPICIOUS_MOVE = YES;
				CLANG_WARN_UNGUARDED_AVAILABILITY = YES_AGGRESSIVE;
				CLANG_WARN_UNREACHABLE_CODE = YES;
				CLANG_WARN__DUPLICATE_METHOD_MATCH = YES;
				COPY_PHASE_STRIP = NO;
				DEBUG_INFORMATION_FORMAT = dwarf;
				ENABLE_STRICT_OBJC_MSGSEND = YES;
				ENABLE_TESTABILITY = YES;
				GCC_C_LANGUAGE_STANDARD = gnu17;
				GCC_DYNAMIC_NO_PIC = NO;
				GCC_NO_COMMON_BLOCKS = YES;
				GCC_OPTIMIZATION_LEVEL = 0;
				GCC_PREPROCESSOR_DEFINITIONS = (
					"DEBUG=1",
					"$(inherited)",
				);
				GCC_WARN_64_TO_32_BIT_CONVERSION = YES;
				GCC_WARN_ABOUT_RETURN_TYPE = YES_ERROR;
				GCC_WARN_UNDECLARED_SELECTOR = YES;
				GCC_WARN_UNINITIALIZED_AUTOS = YES_AGGRESSIVE;
				GCC_WARN_UNUSED_FUNCTION = YES;
				GCC_WARN_UNUSED_VARIABLE = YES;
				ONLY_ACTIVE_ARCH = YES;
				SWIFT_ACTIVE_COMPILATION_CONDITIONS = "DEBUG $(inherited)";
				SWIFT_OPTIMIZATION_LEVEL = "-Onone";
			};
			name = Debug;
		};
		6D0C849A2F86B77400A5A1AA /* Release */ = {
			isa = XCBuildConfiguration;
			buildSettings = {
				ALWAYS_SEARCH_USER_PATHS = NO;
				CLANG_ANALYZER_NONNULL = YES;
				CLANG_ANALYZER_NUMBER_OBJECT_CONVERSION = YES_AGGRESSIVE;
				CLANG_CXX_LANGUAGE_STANDARD = "gnu++20";
				CLANG_ENABLE_MODULES = YES;
				CLANG_ENABLE_OBJC_ARC = YES;
				CLANG_WARN_BLOCK_CAPTURE_AUTORELEASING = YES;
				CLANG_WARN_BOOL_CONVERSION = YES;
				CLANG_WARN_COMMA = YES;
				CLANG_WARN_CONSTANT_CONVERSION = YES;
				CLANG_WARN_DEPRECATED_OBJC_IMPLEMENTATIONS = YES;
				CLANG_WARN_DIRECT_OBJC_ISA_USAGE = YES_ERROR;
				CLANG_WARN_DOCUMENTATION_COMMENTS = YES;
				CLANG_WARN_EMPTY_BODY = YES;
				CLANG_WARN_ENUM_CONVERSION = YES;
				CLANG_WARN_INFINITE_RECURSION = YES;
				CLANG_WARN_INT_CONVERSION = YES;
				CLANG_WARN_NON_LITERAL_NULL_CONVERSION = YES;
				CLANG_WARN_OBJC_IMPLICIT_RETAIN_SELF = YES;
				CLANG_WARN_OBJC_LITERAL_CONVERSION = YES;
				CLANG_WARN_OBJC_ROOT_CLASS = YES_ERROR;
				CLANG_WARN_QUOTED_INCLUDE_IN_FRAMEWORK_HEADER = YES;
				CLANG_WARN_RANGE_LOOP_ANALYSIS = YES;
				CLANG_WARN_STRICT_PROTOTYPES = YES;
				CLANG_WARN_SUSPICIOUS_MOVE = YES;
				CLANG_WARN_UNGUARDED_AVAILABILITY = YES_AGGRESSIVE;
				CLANG_WARN_UNREACHABLE_CODE = YES;
				CLANG_WARN__DUPLICATE_METHOD_MATCH = YES;
				COPY_PHASE_STRIP = NO;
				DEBUG_INFORMATION_FORMAT = "dwarf-with-dsym";
				ENABLE_NS_ASSERTIONS = NO;
				ENABLE_STRICT_OBJC_MSGSEND = YES;
				GCC_C_LANGUAGE_STANDARD = gnu17;
				GCC_NO_COMMON_BLOCKS = YES;
				GCC_WARN_64_TO_32_BIT_CONVERSION = YES;
				GCC_WARN_ABOUT_RETURN_TYPE = YES_ERROR;
				GCC_WARN_UNDECLARED_SELECTOR = YES;
				GCC_WARN_UNINITIALIZED_AUTOS = YES_AGGRESSIVE;
				GCC_WARN_UNUSED_FUNCTION = YES;
				GCC_WARN_UNUSED_VARIABLE = YES;
				SWIFT_COMPILATION_MODE = wholemodule;
				SWIFT_OPTIMIZATION_LEVEL = "-O";
			};
			name = Release;
		};
		6D0C84962F86B77400A5A1AA /* Debug */ = {
			isa = XCBuildConfiguration;
			buildSettings = {
				ASSETCATALOG_COMPILER_APPICON_NAME = AppIcon;
				ASSETCATALOG_COMPILER_GLOBAL_ACCENT_COLOR_NAME = AccentColor;
				CODE_SIGN_STYLE = Automatic;
				CURRENT_PROJECT_VERSION = 1;
				DEVELOPMENT_ASSET_PATHS = "Resources";
				DEVELOPMENT_TEAM = "";
				GENERATE_INFOPLIST_FILE = NO;
				INFOPLIST_FILE = Supporting/Info.plist;
				INFOPLIST_KEY_CFBundleDisplayName = OurVerse;
				INFOPLIST_KEY_UISupportedInterfaceOrientations_iPad = "UIInterfaceOrientationPortrait UIInterfaceOrientationPortraitUpsideDown UIInterfaceOrientationLandscapeLeft UIInterfaceOrientationLandscapeRight";
				INFOPLIST_KEY_UISupportedInterfaceOrientations_iPhone = "UIInterfaceOrientationPortrait UIInterfaceOrientationLandscapeLeft UIInterfaceOrientationLandscapeRight";
				IPHONEOS_DEPLOYMENT_TARGET = 16.0;
				LD_RUNPATH_SEARCH_PATHS = "$(inherited) @executable_path/Frameworks";
				MARKETING_VERSION = 1.0;
				PRODUCT_BUNDLE_IDENTIFIER = com.ourverse.app;
				PRODUCT_NAME = "$(TARGET_NAME)";
				SDKROOT = iphoneos;
				SUPPORTS_MACCATALYST = NO;
				SWIFT_EMIT_LOC_STRINGS = YES;
				SWIFT_VERSION = 5.0;
				TARGETED_DEVICE_FAMILY = "1,2";
			};
			name = Debug;
		};
		6D0C84972F86B77400A5A1AA /* Release */ = {
			isa = XCBuildConfiguration;
			buildSettings = {
				ASSETCATALOG_COMPILER_APPICON_NAME = AppIcon;
				ASSETCATALOG_COMPILER_GLOBAL_ACCENT_COLOR_NAME = AccentColor;
				CODE_SIGN_STYLE = Automatic;
				CURRENT_PROJECT_VERSION = 1;
				DEVELOPMENT_ASSET_PATHS = "Resources";
				DEVELOPMENT_TEAM = "";
				GENERATE_INFOPLIST_FILE = NO;
				INFOPLIST_FILE = Supporting/Info.plist;
				INFOPLIST_KEY_CFBundleDisplayName = OurVerse;
				INFOPLIST_KEY_UISupportedInterfaceOrientations_iPad = "UIInterfaceOrientationPortrait UIInterfaceOrientationPortraitUpsideDown UIInterfaceOrientationLandscapeLeft UIInterfaceOrientationLandscapeRight";
				INFOPLIST_KEY_UISupportedInterfaceOrientations_iPhone = "UIInterfaceOrientationPortrait UIInterfaceOrientationLandscapeLeft UIInterfaceOrientationLandscapeRight";
				IPHONEOS_DEPLOYMENT_TARGET = 16.0;
				LD_RUNPATH_SEARCH_PATHS = "$(inherited) @executable_path/Frameworks";
				MARKETING_VERSION = 1.0;
				PRODUCT_BUNDLE_IDENTIFIER = com.ourverse.app;
				PRODUCT_NAME = "$(TARGET_NAME)";
				SDKROOT = iphoneos;
				SUPPORTS_MACCATALYST = NO;
				SWIFT_EMIT_LOC_STRINGS = YES;
				SWIFT_VERSION = 5.0;
				TARGETED_DEVICE_FAMILY = "1,2";
			};
			name = Release;
		};
		6D0C84BB2F86B77400A5A1AC /* Debug */ = {
			isa = XCBuildConfiguration;
			buildSettings = {
				BUNDLE_LOADER = "$(TEST_HOST)";
				CODE_SIGN_STYLE = Automatic;
				CURRENT_PROJECT_VERSION = 1;
				DEVELOPMENT_TEAM = "";
				GENERATE_INFOPLIST_FILE = YES;
				IPHONEOS_DEPLOYMENT_TARGET = 16.0;
				LD_RUNPATH_SEARCH_PATHS = "$(inherited) @executable_path/Frameworks @loader_path/Frameworks";
				MARKETING_VERSION = 1.0;
				PRODUCT_BUNDLE_IDENTIFIER = com.ourverse.appTests;
				PRODUCT_NAME = "$(TARGET_NAME)";
				SDKROOT = iphoneos;
				SWIFT_EMIT_LOC_STRINGS = NO;
				SWIFT_VERSION = 5.0;
				TARGETED_DEVICE_FAMILY = "1,2";
				TEST_HOST = "$(BUILT_PRODUCTS_DIR)/OurVerse.app/OurVerse";
			};
			name = Debug;
		};
		6D0C84BC2F86B77400A5A1AC /* Release */ = {
			isa = XCBuildConfiguration;
			buildSettings = {
				BUNDLE_LOADER = "$(TEST_HOST)";
				CODE_SIGN_STYLE = Automatic;
				CURRENT_PROJECT_VERSION = 1;
				DEVELOPMENT_TEAM = "";
				GENERATE_INFOPLIST_FILE = YES;
				IPHONEOS_DEPLOYMENT_TARGET = 16.0;
				LD_RUNPATH_SEARCH_PATHS = "$(inherited) @executable_path/Frameworks @loader_path/Frameworks";
				MARKETING_VERSION = 1.0;
				PRODUCT_BUNDLE_IDENTIFIER = com.ourverse.appTests;
				PRODUCT_NAME = "$(TARGET_NAME)";
				SDKROOT = iphoneos;
				SWIFT_EMIT_LOC_STRINGS = NO;
				SWIFT_VERSION = 5.0;
				TARGETED_DEVICE_FAMILY = "1,2";
				TEST_HOST = "$(BUILT_PRODUCTS_DIR)/OurVerse.app/OurVerse";
			};
			name = Release;
		};
		6D0C84BD2F86B77400A5A1AC /* Debug */ = {
			isa = XCBuildConfiguration;
			buildSettings = {
				CODE_SIGN_STYLE = Automatic;
				CURRENT_PROJECT_VERSION = 1;
				DEVELOPMENT_TEAM = "";
				GENERATE_INFOPLIST_FILE = YES;
				IPHONEOS_DEPLOYMENT_TARGET = 16.0;
				LD_RUNPATH_SEARCH_PATHS = "$(inherited) @executable_path/Frameworks @loader_path/Frameworks";
				MARKETING_VERSION = 1.0;
				PRODUCT_BUNDLE_IDENTIFIER = com.ourverse.appUITests;
				PRODUCT_NAME = "$(TARGET_NAME)";
				SDKROOT = iphoneos;
				SWIFT_EMIT_LOC_STRINGS = NO;
				SWIFT_VERSION = 5.0;
				TARGETED_DEVICE_FAMILY = "1,2";
				TEST_TARGET_NAME = OurVerse;
			};
			name = Debug;
		};
		6D0C84BE2F86B77400A5A1AC /* Release */ = {
			isa = XCBuildConfiguration;
			buildSettings = {
				CODE_SIGN_STYLE = Automatic;
				CURRENT_PROJECT_VERSION = 1;
				DEVELOPMENT_TEAM = "";
				GENERATE_INFOPLIST_FILE = YES;
				IPHONEOS_DEPLOYMENT_TARGET = 16.0;
				LD_RUNPATH_SEARCH_PATHS = "$(inherited) @executable_path/Frameworks @loader_path/Frameworks";
				MARKETING_VERSION = 1.0;
				PRODUCT_BUNDLE_IDENTIFIER = com.ourverse.appUITests;
				PRODUCT_NAME = "$(TARGET_NAME)";
				SDKROOT = iphoneos;
				SWIFT_EMIT_LOC_STRINGS = NO;
				SWIFT_VERSION = 5.0;
				TARGETED_DEVICE_FAMILY = "1,2";
				TEST_TARGET_NAME = OurVerse;
			};
			name = Release;
		};
/* End XCBuildConfiguration section */

/* Begin XCConfigurationList section */
		6D0C84952F86B77400A5A1AA /* Build configuration list for PBXNativeTarget "OurVerse" */ = {
			isa = XCConfigurationList;
			buildConfigurations = (
				6D0C84962F86B77400A5A1AA /* Debug */,
				6D0C84972F86B77400A5A1AA /* Release */,
			);
			defaultConfigurationIsVisible = 0;
			defaultConfigurationName = Release;
		};
		6D0C84982F86B77400A5A1AA /* Build configuration list for PBXProject "OurVerse" */ = {
			isa = XCConfigurationList;
			buildConfigurations = (
				6D0C84992F86B77400A5A1AA /* Debug */,
				6D0C849A2F86B77400A5A1AA /* Release */,
			);
			defaultConfigurationIsVisible = 0;
			defaultConfigurationName = Release;
		};
		6D0C84B92F86B77400A5A1AA /* Build configuration list for PBXNativeTarget "OurVerseTests" */ = {
			isa = XCConfigurationList;
			buildConfigurations = (
				6D0C84BB2F86B77400A5A1AC /* Debug */,
				6D0C84BC2F86B77400A5A1AC /* Release */,
			);
			defaultConfigurationIsVisible = 0;
			defaultConfigurationName = Release;
		};
		6D0C84BA2F86B77400A5A1AA /* Build configuration list for PBXNativeTarget "OurVerseUITests" */ = {
			isa = XCConfigurationList;
			buildConfigurations = (
				6D0C84BD2F86B77400A5A1AC /* Debug */,
				6D0C84BE2F86B77400A5A1AC /* Release */,
			);
			defaultConfigurationIsVisible = 0;
			defaultConfigurationName = Release;
		};
/* End XCConfigurationList section */

	};
	rootObject = 6D0C848D2F86B77400A5A1AA /* Project object */;
}
